
Microsoft Visual Studio Solution File, Format Version 12.00
# Visual Studio Version 16
VisualStudioVersion = 25.0.1703.8
MinimumVisualStudioVersion = 10.0.40219.1
Project("{FAE04EC0-301F-11D3-BF4B-00C04F79EFBC}") = "DemoApplication", "DemoApplication.csproj", "{7E12CBFB-1B08-40CE-B9A1-0D1E14101AE7}"
EndProject
Global
	GlobalSection(SolutionConfigurationPlatforms) = preSolution
		Debug|Any CPU = Debug|Any CPU
		Release|Any CPU = Release|Any CPU
	EndGlobalSection
	GlobalSection(ProjectConfigurationPlatforms) = postSolution
		{7E12CBFB-1B08-40CE-B9A1-0D1E14101AE7}.Debug|Any CPU.ActiveCfg = Debug|Any CPU
		{7E12CBFB-1B08-40CE-B9A1-0D1E14101AE7}.Debug|Any CPU.Build.0 = Debug|Any CPU
		{7E12CBFB-1B08-40CE-B9A1-0D1E14101AE7}.Release|Any CPU.ActiveCfg = Release|Any CPU
		{7E12CBFB-1B08-40CE-B9A1-0D1E14101AE7}.Release|Any CPU.Build.0 = Release|Any CPU
	EndGlobalSection
	GlobalSection(SolutionProperties) = preSolution
		HideSolutionNode = FALSE
	EndGlobalSection
	GlobalSection(ExtensibilityGlobals) = postSolution
		SolutionGuid = {2A8ED8E8-4934-43DF-9D2B-898B0D61E3E0}
	EndGlobalSection
EndGlobal
