
Microsoft Visual Studio Solution File, Format Version 12.00
# Visual Studio Version 16
VisualStudioVersion = 25.0.1703.8
MinimumVisualStudioVersion = 10.0.40219.1
Project("{FAE04EC0-301F-11D3-BF4B-00C04F79EFBC}") = "DemoApplication", "DemoApplication\DemoApplication.csproj", "{3E607979-235C-4E06-B921-3C9B67316D61}"
EndProject
Global
	GlobalSection(SolutionConfigurationPlatforms) = preSolution
		Debug|Any CPU = Debug|Any CPU
		Release|Any CPU = Release|Any CPU
	EndGlobalSection
	GlobalSection(ProjectConfigurationPlatforms) = postSolution
		{3E607979-235C-4E06-B921-3C9B67316D61}.Debug|Any CPU.ActiveCfg = Debug|Any CPU
		{3E607979-235C-4E06-B921-3C9B67316D61}.Debug|Any CPU.Build.0 = Debug|Any CPU
		{3E607979-235C-4E06-B921-3C9B67316D61}.Release|Any CPU.ActiveCfg = Release|Any CPU
		{3E607979-235C-4E06-B921-3C9B67316D61}.Release|Any CPU.Build.0 = Release|Any CPU
	EndGlobalSection
	GlobalSection(SolutionProperties) = preSolution
		HideSolutionNode = FALSE
	EndGlobalSection
	GlobalSection(ExtensibilityGlobals) = postSolution
		SolutionGuid = {A6DFEE8F-69E0-4678-B442-D1C644C2D6AF}
	EndGlobalSection
EndGlobal
